
Microsoft Visual Studio Solution File, Format Version 12.00
# Visual Studio Version 17
VisualStudioVersion = 17.3.32804.467
MinimumVisualStudioVersion = 10.0.40219.1
Project("{FAE04EC0-301F-11D3-BF4B-00C04F79EFBC}") = "Aug15_Angular_Project", "Aug15_Angular_Project.csproj", "{FDB5B0C8-8ABE-4EDE-AE50-6DAA9F3E9B22}"
EndProject
Global
	GlobalSection(SolutionConfigurationPlatforms) = preSolution
		Debug|Any CPU = Debug|Any CPU
		Release|Any CPU = Release|Any CPU
	EndGlobalSection
	GlobalSection(ProjectConfigurationPlatforms) = postSolution
		{FDB5B0C8-8ABE-4EDE-AE50-6DAA9F3E9B22}.Debug|Any CPU.ActiveCfg = Debug|Any CPU
		{FDB5B0C8-8ABE-4EDE-AE50-6DAA9F3E9B22}.Debug|Any CPU.Build.0 = Debug|Any CPU
		{FDB5B0C8-8ABE-4EDE-AE50-6DAA9F3E9B22}.Release|Any CPU.ActiveCfg = Release|Any CPU
		{FDB5B0C8-8ABE-4EDE-AE50-6DAA9F3E9B22}.Release|Any CPU.Build.0 = Release|Any CPU
	EndGlobalSection
	GlobalSection(SolutionProperties) = preSolution
		HideSolutionNode = FALSE
	EndGlobalSection
	GlobalSection(ExtensibilityGlobals) = postSolution
		SolutionGuid = {B90F783A-C611-4591-A874-9EFC66D74EAE}
	EndGlobalSection
EndGlobal
